// !$*UTF8*$!
{
	archiveVersion = 1;
	classes = {
	};
	objectVersion = 56;
	objects = {

/* Begin PBXBuildFile section */
		7410797F2AEBCF4E00B6542F /* HTTPRequesterMethods.swift in Sources */ = {isa = PBXBuildFile; fileRef = 741079682AEBCF4E00B6542F /* HTTPRequesterMethods.swift */; };
		741079802AEBCF4E00B6542F /* HTTPRequestable.swift in Sources */ = {isa = PBXBuildFile; fileRef = 741079692AEBCF4E00B6542F /* HTTPRequestable.swift */; };
		741079812AEBCF4E00B6542F /* Reachability.swift in Sources */ = {isa = PBXBuildFile; fileRef = 7410796B2AEBCF4E00B6542F /* Reachability.swift */; };
		741079822AEBCF4E00B6542F /* PublisherMainQueueSchaduler.swift in Sources */ = {isa = PBXBuildFile; fileRef = 7410796D2AEBCF4E00B6542F /* PublisherMainQueueSchaduler.swift */; };
		741079832AEBCF4E00B6542F /* ImmediateWhenOnMainQuesueScheduler.swift in Sources */ = {isa = PBXBuildFile; fileRef = 7410796E2AEBCF4E00B6542F /* ImmediateWhenOnMainQuesueScheduler.swift */; };
		741079842AEBCF4E00B6542F /* URLSessionHTTPClientProvider.swift in Sources */ = {isa = PBXBuildFile; fileRef = 7410796F2AEBCF4E00B6542F /* URLSessionHTTPClientProvider.swift */; };
		741079852AEBCF4E00B6542F /* LoggerNetwork.swift in Sources */ = {isa = PBXBuildFile; fileRef = 741079712AEBCF4E00B6542F /* LoggerNetwork.swift */; };
		741079862AEBCF4E00B6542F /* EmptyCodable.swift in Sources */ = {isa = PBXBuildFile; fileRef = 741079722AEBCF4E00B6542F /* EmptyCodable.swift */; };
		741079872AEBCF4E00B6542F /* HTTPClientTask.swift in Sources */ = {isa = PBXBuildFile; fileRef = 741079732AEBCF4E00B6542F /* HTTPClientTask.swift */; };
		741079882AEBCF4E00B6542F /* HTTPClient.swift in Sources */ = {isa = PBXBuildFile; fileRef = 741079742AEBCF4E00B6542F /* HTTPClient.swift */; };
		741079892AEBCF4E00B6542F /* URLSessionTaskWrapper.swift in Sources */ = {isa = PBXBuildFile; fileRef = 741079752AEBCF4E00B6542F /* URLSessionTaskWrapper.swift */; };
		7410798A2AEBCF4E00B6542F /* PublisherMapping.swift in Sources */ = {isa = PBXBuildFile; fileRef = 741079772AEBCF4E00B6542F /* PublisherMapping.swift */; };
		7410798B2AEBCF4E00B6542F /* EncodableExtension.swift in Sources */ = {isa = PBXBuildFile; fileRef = 741079782AEBCF4E00B6542F /* EncodableExtension.swift */; };
		7410798C2AEBCF4E00B6542F /* DataDecoderExtension.swift in Sources */ = {isa = PBXBuildFile; fileRef = 741079792AEBCF4E00B6542F /* DataDecoderExtension.swift */; };
		7410798D2AEBCF4E00B6542F /* URLRequest+Multipart.swift in Sources */ = {isa = PBXBuildFile; fileRef = 7410797A2AEBCF4E00B6542F /* URLRequest+Multipart.swift */; };
		7410798E2AEBCF4E00B6542F /* Dictionary+Extension.swift in Sources */ = {isa = PBXBuildFile; fileRef = 7410797B2AEBCF4E00B6542F /* Dictionary+Extension.swift */; };
		7410798F2AEBCF4E00B6542F /* URLRequestRequestable.swift in Sources */ = {isa = PBXBuildFile; fileRef = 7410797C2AEBCF4E00B6542F /* URLRequestRequestable.swift */; };
		741079902AEBCF4E00B6542F /* QueryItemsParamaterMapper.swift in Sources */ = {isa = PBXBuildFile; fileRef = 7410797D2AEBCF4E00B6542F /* QueryItemsParamaterMapper.swift */; };
		741079912AEBCF4E00B6542F /* URLCompoentsRequestable.swift in Sources */ = {isa = PBXBuildFile; fileRef = 7410797E2AEBCF4E00B6542F /* URLCompoentsRequestable.swift */; };
/* End PBXBuildFile section */

/* Begin PBXCopyFilesBuildPhase section */
		74C9274A2AE9E21E005ED280 /* Embed Frameworks */ = {
			isa = PBXCopyFilesBuildPhase;
			buildActionMask = 2147483647;
			dstPath = "";
			dstSubfolderSpec = 10;
			files = (
			);
			name = "Embed Frameworks";
			runOnlyForDeploymentPostprocessing = 0;
		};
/* End PBXCopyFilesBuildPhase section */

/* Begin PBXFileReference section */
		741079682AEBCF4E00B6542F /* HTTPRequesterMethods.swift */ = {isa = PBXFileReference; fileEncoding = 4; lastKnownFileType = sourcecode.swift; name = HTTPRequesterMethods.swift; path = Sources/Infrastructure/HTTPRequesterMethods.swift; sourceTree = "<group>"; };
		741079692AEBCF4E00B6542F /* HTTPRequestable.swift */ = {isa = PBXFileReference; fileEncoding = 4; lastKnownFileType = sourcecode.swift; name = HTTPRequestable.swift; path = Sources/Infrastructure/HTTPRequestable.swift; sourceTree = "<group>"; };
		7410796B2AEBCF4E00B6542F /* Reachability.swift */ = {isa = PBXFileReference; fileEncoding = 4; lastKnownFileType = sourcecode.swift; path = Reachability.swift; sourceTree = "<group>"; };
		7410796D2AEBCF4E00B6542F /* PublisherMainQueueSchaduler.swift */ = {isa = PBXFileReference; fileEncoding = 4; lastKnownFileType = sourcecode.swift; path = PublisherMainQueueSchaduler.swift; sourceTree = "<group>"; };
		7410796E2AEBCF4E00B6542F /* ImmediateWhenOnMainQuesueScheduler.swift */ = {isa = PBXFileReference; fileEncoding = 4; lastKnownFileType = sourcecode.swift; path = ImmediateWhenOnMainQuesueScheduler.swift; sourceTree = "<group>"; };
		7410796F2AEBCF4E00B6542F /* URLSessionHTTPClientProvider.swift */ = {isa = PBXFileReference; fileEncoding = 4; lastKnownFileType = sourcecode.swift; name = URLSessionHTTPClientProvider.swift; path = Sources/Infrastructure/URLSessionHTTPClientProvider.swift; sourceTree = "<group>"; };
		741079712AEBCF4E00B6542F /* LoggerNetwork.swift */ = {isa = PBXFileReference; fileEncoding = 4; lastKnownFileType = sourcecode.swift; path = LoggerNetwork.swift; sourceTree = "<group>"; };
		741079722AEBCF4E00B6542F /* EmptyCodable.swift */ = {isa = PBXFileReference; fileEncoding = 4; lastKnownFileType = sourcecode.swift; path = EmptyCodable.swift; sourceTree = "<group>"; };
		741079732AEBCF4E00B6542F /* HTTPClientTask.swift */ = {isa = PBXFileReference; fileEncoding = 4; lastKnownFileType = sourcecode.swift; name = HTTPClientTask.swift; path = Sources/Infrastructure/HTTPClientTask.swift; sourceTree = "<group>"; };
		741079742AEBCF4E00B6542F /* HTTPClient.swift */ = {isa = PBXFileReference; fileEncoding = 4; lastKnownFileType = sourcecode.swift; name = HTTPClient.swift; path = Sources/Infrastructure/HTTPClient.swift; sourceTree = "<group>"; };
		741079752AEBCF4E00B6542F /* URLSessionTaskWrapper.swift */ = {isa = PBXFileReference; fileEncoding = 4; lastKnownFileType = sourcecode.swift; name = URLSessionTaskWrapper.swift; path = Sources/Infrastructure/URLSessionTaskWrapper.swift; sourceTree = "<group>"; };
		741079772AEBCF4E00B6542F /* PublisherMapping.swift */ = {isa = PBXFileReference; fileEncoding = 4; lastKnownFileType = sourcecode.swift; path = PublisherMapping.swift; sourceTree = "<group>"; };
		741079782AEBCF4E00B6542F /* EncodableExtension.swift */ = {isa = PBXFileReference; fileEncoding = 4; lastKnownFileType = sourcecode.swift; path = EncodableExtension.swift; sourceTree = "<group>"; };
		741079792AEBCF4E00B6542F /* DataDecoderExtension.swift */ = {isa = PBXFileReference; fileEncoding = 4; lastKnownFileType = sourcecode.swift; path = DataDecoderExtension.swift; sourceTree = "<group>"; };
		7410797A2AEBCF4E00B6542F /* URLRequest+Multipart.swift */ = {isa = PBXFileReference; fileEncoding = 4; lastKnownFileType = sourcecode.swift; path = "URLRequest+Multipart.swift"; sourceTree = "<group>"; };
		7410797B2AEBCF4E00B6542F /* Dictionary+Extension.swift */ = {isa = PBXFileReference; fileEncoding = 4; lastKnownFileType = sourcecode.swift; path = "Dictionary+Extension.swift"; sourceTree = "<group>"; };
		7410797C2AEBCF4E00B6542F /* URLRequestRequestable.swift */ = {isa = PBXFileReference; fileEncoding = 4; lastKnownFileType = sourcecode.swift; path = URLRequestRequestable.swift; sourceTree = "<group>"; };
		7410797D2AEBCF4E00B6542F /* QueryItemsParamaterMapper.swift */ = {isa = PBXFileReference; fileEncoding = 4; lastKnownFileType = sourcecode.swift; path = QueryItemsParamaterMapper.swift; sourceTree = "<group>"; };
		7410797E2AEBCF4E00B6542F /* URLCompoentsRequestable.swift */ = {isa = PBXFileReference; fileEncoding = 4; lastKnownFileType = sourcecode.swift; path = URLCompoentsRequestable.swift; sourceTree = "<group>"; };
		74C9221F2AE9D5F3005ED280 /* Infrastructure.framework */ = {isa = PBXFileReference; explicitFileType = wrapper.framework; includeInIndex = 0; path = Infrastructure.framework; sourceTree = BUILT_PRODUCTS_DIR; };
/* End PBXFileReference section */

/* Begin PBXFrameworksBuildPhase section */
		74C9221C2AE9D5F3005ED280 /* Frameworks */ = {
			isa = PBXFrameworksBuildPhase;
			buildActionMask = 2147483647;
			files = (
			);
			runOnlyForDeploymentPostprocessing = 0;
		};
/* End PBXFrameworksBuildPhase section */

/* Begin PBXGroup section */
		7410796A2AEBCF4E00B6542F /* Reachability */ = {
			isa = PBXGroup;
			children = (
				7410796B2AEBCF4E00B6542F /* Reachability.swift */,
			);
			name = Reachability;
			path = Sources/Infrastructure/Reachability;
			sourceTree = "<group>";
		};
		7410796C2AEBCF4E00B6542F /* Scheduler */ = {
			isa = PBXGroup;
			children = (
				7410796D2AEBCF4E00B6542F /* PublisherMainQueueSchaduler.swift */,
				7410796E2AEBCF4E00B6542F /* ImmediateWhenOnMainQuesueScheduler.swift */,
			);
			name = Scheduler;
			path = Sources/Infrastructure/Scheduler;
			sourceTree = "<group>";
		};
		741079702AEBCF4E00B6542F /* Helper */ = {
			isa = PBXGroup;
			children = (
				741079712AEBCF4E00B6542F /* LoggerNetwork.swift */,
				741079722AEBCF4E00B6542F /* EmptyCodable.swift */,
			);
			name = Helper;
			path = Sources/Infrastructure/Helper;
			sourceTree = "<group>";
		};
		741079762AEBCF4E00B6542F /* Extensions */ = {
			isa = PBXGroup;
			children = (
				741079772AEBCF4E00B6542F /* PublisherMapping.swift */,
				741079782AEBCF4E00B6542F /* EncodableExtension.swift */,
				741079792AEBCF4E00B6542F /* DataDecoderExtension.swift */,
				7410797A2AEBCF4E00B6542F /* URLRequest+Multipart.swift */,
				7410797B2AEBCF4E00B6542F /* Dictionary+Extension.swift */,
				7410797C2AEBCF4E00B6542F /* URLRequestRequestable.swift */,
				7410797D2AEBCF4E00B6542F /* QueryItemsParamaterMapper.swift */,
				7410797E2AEBCF4E00B6542F /* URLCompoentsRequestable.swift */,
			);
			name = Extensions;
			path = Sources/Infrastructure/Extensions;
			sourceTree = "<group>";
		};
		74C922152AE9D5F3005ED280 = {
			isa = PBXGroup;
			children = (
				74C922212AE9D5F3005ED280 /* Infrastructure */,
				74C922202AE9D5F3005ED280 /* Products */,
				74C927472AE9E21E005ED280 /* Frameworks */,
			);
			sourceTree = "<group>";
		};
		74C922202AE9D5F3005ED280 /* Products */ = {
			isa = PBXGroup;
			children = (
				74C9221F2AE9D5F3005ED280 /* Infrastructure.framework */,
			);
			name = Products;
			sourceTree = "<group>";
		};
		74C922212AE9D5F3005ED280 /* Infrastructure */ = {
			isa = PBXGroup;
			children = (
				741079762AEBCF4E00B6542F /* Extensions */,
				741079702AEBCF4E00B6542F /* Helper */,
				741079742AEBCF4E00B6542F /* HTTPClient.swift */,
				741079732AEBCF4E00B6542F /* HTTPClientTask.swift */,
				741079692AEBCF4E00B6542F /* HTTPRequestable.swift */,
				741079682AEBCF4E00B6542F /* HTTPRequesterMethods.swift */,
				7410796A2AEBCF4E00B6542F /* Reachability */,
				7410796C2AEBCF4E00B6542F /* Scheduler */,
				7410796F2AEBCF4E00B6542F /* URLSessionHTTPClientProvider.swift */,
				741079752AEBCF4E00B6542F /* URLSessionTaskWrapper.swift */,
			);
			path = Infrastructure;
			sourceTree = "<group>";
		};
		74C927472AE9E21E005ED280 /* Frameworks */ = {
			isa = PBXGroup;
			children = (
			);
			name = Frameworks;
			sourceTree = "<group>";
		};
/* End PBXGroup section */

/* Begin PBXHeadersBuildPhase section */
		74C9221A2AE9D5F3005ED280 /* Headers */ = {
			isa = PBXHeadersBuildPhase;
			buildActionMask = 2147483647;
			files = (
			);
			runOnlyForDeploymentPostprocessing = 0;
		};
/* End PBXHeadersBuildPhase section */

/* Begin PBXNativeTarget section */
		74C9221E2AE9D5F3005ED280 /* Infrastructure */ = {
			isa = PBXNativeTarget;
			buildConfigurationList = 74C922262AE9D5F3005ED280 /* Build configuration list for PBXNativeTarget "Infrastructure" */;
			buildPhases = (
				74C9221A2AE9D5F3005ED280 /* Headers */,
				74C9221B2AE9D5F3005ED280 /* Sources */,
				74C9221C2AE9D5F3005ED280 /* Frameworks */,
				74C9221D2AE9D5F3005ED280 /* Resources */,
				74C9274A2AE9E21E005ED280 /* Embed Frameworks */,
			);
			buildRules = (
			);
			dependencies = (
			);
			name = Infrastructure;
			packageProductDependencies = (
			);
			productName = Infrastructure;
			productReference = 74C9221F2AE9D5F3005ED280 /* Infrastructure.framework */;
			productType = "com.apple.product-type.framework";
		};
/* End PBXNativeTarget section */

/* Begin PBXProject section */
		74C922162AE9D5F3005ED280 /* Project object */ = {
			isa = PBXProject;
			attributes = {
				BuildIndependentTargetsInParallel = 1;
				LastUpgradeCheck = 1500;
				TargetAttributes = {
					74C9221E2AE9D5F3005ED280 = {
						CreatedOnToolsVersion = 15.0.1;
						LastSwiftMigration = 1500;
					};
				};
			};
			buildConfigurationList = 74C922192AE9D5F3005ED280 /* Build configuration list for PBXProject "Infrastructure" */;
			compatibilityVersion = "Xcode 14.0";
			developmentRegion = en;
			hasScannedForEncodings = 0;
			knownRegions = (
				en,
				Base,
			);
			mainGroup = 74C922152AE9D5F3005ED280;
			packageReferences = (
			);
			productRefGroup = 74C922202AE9D5F3005ED280 /* Products */;
			projectDirPath = "";
			projectRoot = "";
			targets = (
				74C9221E2AE9D5F3005ED280 /* Infrastructure */,
			);
		};
/* End PBXProject section */

/* Begin PBXResourcesBuildPhase section */
		74C9221D2AE9D5F3005ED280 /* Resources */ = {
			isa = PBXResourcesBuildPhase;
			buildActionMask = 2147483647;
			files = (
			);
			runOnlyForDeploymentPostprocessing = 0;
		};
/* End PBXResourcesBuildPhase section */

/* Begin PBXSourcesBuildPhase section */
		74C9221B2AE9D5F3005ED280 /* Sources */ = {
			isa = PBXSourcesBuildPhase;
			buildActionMask = 2147483647;
			files = (
				7410798D2AEBCF4E00B6542F /* URLRequest+Multipart.swift in Sources */,
				741079872AEBCF4E00B6542F /* HTTPClientTask.swift in Sources */,
				7410797F2AEBCF4E00B6542F /* HTTPRequesterMethods.swift in Sources */,
				7410798E2AEBCF4E00B6542F /* Dictionary+Extension.swift in Sources */,
				741079822AEBCF4E00B6542F /* PublisherMainQueueSchaduler.swift in Sources */,
				741079842AEBCF4E00B6542F /* URLSessionHTTPClientProvider.swift in Sources */,
				741079902AEBCF4E00B6542F /* QueryItemsParamaterMapper.swift in Sources */,
				741079892AEBCF4E00B6542F /* URLSessionTaskWrapper.swift in Sources */,
				7410798B2AEBCF4E00B6542F /* EncodableExtension.swift in Sources */,
				741079852AEBCF4E00B6542F /* LoggerNetwork.swift in Sources */,
				7410798F2AEBCF4E00B6542F /* URLRequestRequestable.swift in Sources */,
				741079802AEBCF4E00B6542F /* HTTPRequestable.swift in Sources */,
				7410798A2AEBCF4E00B6542F /* PublisherMapping.swift in Sources */,
				741079882AEBCF4E00B6542F /* HTTPClient.swift in Sources */,
				741079832AEBCF4E00B6542F /* ImmediateWhenOnMainQuesueScheduler.swift in Sources */,
				741079862AEBCF4E00B6542F /* EmptyCodable.swift in Sources */,
				741079912AEBCF4E00B6542F /* URLCompoentsRequestable.swift in Sources */,
				7410798C2AEBCF4E00B6542F /* DataDecoderExtension.swift in Sources */,
				741079812AEBCF4E00B6542F /* Reachability.swift in Sources */,
			);
			runOnlyForDeploymentPostprocessing = 0;
		};
/* End PBXSourcesBuildPhase section */

/* Begin XCBuildConfiguration section */
		74C922242AE9D5F3005ED280 /* Debug */ = {
			isa = XCBuildConfiguration;
			buildSettings = {
				ALWAYS_SEARCH_USER_PATHS = NO;
				ASSETCATALOG_COMPILER_GENERATE_SWIFT_ASSET_SYMBOL_EXTENSIONS = YES;
				CLANG_ANALYZER_NONNULL = YES;
				CLANG_ANALYZER_NUMBER_OBJECT_CONVERSION = YES_AGGRESSIVE;
				CLANG_CXX_LANGUAGE_STANDARD = "gnu++20";
				CLANG_ENABLE_MODULES = YES;
				CLANG_ENABLE_OBJC_ARC = YES;
				CLANG_ENABLE_OBJC_WEAK = YES;
				CLANG_WARN_BLOCK_CAPTURE_AUTORELEASING = YES;
				CLANG_WARN_BOOL_CONVERSION = YES;
				CLANG_WARN_COMMA = YES;
				CLANG_WARN_CONSTANT_CONVERSION = YES;
				CLANG_WARN_DEPRECATED_OBJC_IMPLEMENTATIONS = YES;
				CLANG_WARN_DIRECT_OBJC_ISA_USAGE = YES_ERROR;
				CLANG_WARN_DOCUMENTATION_COMMENTS = YES;
				CLANG_WARN_EMPTY_BODY = YES;
				CLANG_WARN_ENUM_CONVERSION = YES;
				CLANG_WARN_INFINITE_RECURSION = YES;
				CLANG_WARN_INT_CONVERSION = YES;
				CLANG_WARN_NON_LITERAL_NULL_CONVERSION = YES;
				CLANG_WARN_OBJC_IMPLICIT_RETAIN_SELF = YES;
				CLANG_WARN_OBJC_LITERAL_CONVERSION = YES;
				CLANG_WARN_OBJC_ROOT_CLASS = YES_ERROR;
				CLANG_WARN_QUOTED_INCLUDE_IN_FRAMEWORK_HEADER = YES;
				CLANG_WARN_RANGE_LOOP_ANALYSIS = YES;
				CLANG_WARN_STRICT_PROTOTYPES = YES;
				CLANG_WARN_SUSPICIOUS_MOVE = YES;
				CLANG_WARN_UNGUARDED_AVAILABILITY = YES_AGGRESSIVE;
				CLANG_WARN_UNREACHABLE_CODE = YES;
				CLANG_WARN__DUPLICATE_METHOD_MATCH = YES;
				COPY_PHASE_STRIP = NO;
				CURRENT_PROJECT_VERSION = 1;
				DEBUG_INFORMATION_FORMAT = dwarf;
				ENABLE_STRICT_OBJC_MSGSEND = YES;
				ENABLE_TESTABILITY = YES;
				ENABLE_USER_SCRIPT_SANDBOXING = YES;
				GCC_C_LANGUAGE_STANDARD = gnu17;
				GCC_DYNAMIC_NO_PIC = NO;
				GCC_NO_COMMON_BLOCKS = YES;
				GCC_OPTIMIZATION_LEVEL = 0;
				GCC_PREPROCESSOR_DEFINITIONS = (
					"DEBUG=1",
					"$(inherited)",
				);
				GCC_WARN_64_TO_32_BIT_CONVERSION = YES;
				GCC_WARN_ABOUT_RETURN_TYPE = YES_ERROR;
				GCC_WARN_UNDECLARED_SELECTOR = YES;
				GCC_WARN_UNINITIALIZED_AUTOS = YES_AGGRESSIVE;
				GCC_WARN_UNUSED_FUNCTION = YES;
				GCC_WARN_UNUSED_VARIABLE = YES;
				IPHONEOS_DEPLOYMENT_TARGET = 17.0;
				LOCALIZATION_PREFERS_STRING_CATALOGS = YES;
				MTL_ENABLE_DEBUG_INFO = INCLUDE_SOURCE;
				MTL_FAST_MATH = YES;
				ONLY_ACTIVE_ARCH = YES;
				SDKROOT = iphoneos;
				SWIFT_ACTIVE_COMPILATION_CONDITIONS = "DEBUG $(inherited)";
				SWIFT_OPTIMIZATION_LEVEL = "-Onone";
				VERSIONING_SYSTEM = "apple-generic";
				VERSION_INFO_PREFIX = "";
			};
			name = Debug;
		};
		74C922252AE9D5F3005ED280 /* Release */ = {
			isa = XCBuildConfiguration;
			buildSettings = {
				ALWAYS_SEARCH_USER_PATHS = NO;
				ASSETCATALOG_COMPILER_GENERATE_SWIFT_ASSET_SYMBOL_EXTENSIONS = YES;
				CLANG_ANALYZER_NONNULL = YES;
				CLANG_ANALYZER_NUMBER_OBJECT_CONVERSION = YES_AGGRESSIVE;
				CLANG_CXX_LANGUAGE_STANDARD = "gnu++20";
				CLANG_ENABLE_MODULES = YES;
				CLANG_ENABLE_OBJC_ARC = YES;
				CLANG_ENABLE_OBJC_WEAK = YES;
				CLANG_WARN_BLOCK_CAPTURE_AUTORELEASING = YES;
				CLANG_WARN_BOOL_CONVERSION = YES;
				CLANG_WARN_COMMA = YES;
				CLANG_WARN_CONSTANT_CONVERSION = YES;
				CLANG_WARN_DEPRECATED_OBJC_IMPLEMENTATIONS = YES;
				CLANG_WARN_DIRECT_OBJC_ISA_USAGE = YES_ERROR;
				CLANG_WARN_DOCUMENTATION_COMMENTS = YES;
				CLANG_WARN_EMPTY_BODY = YES;
				CLANG_WARN_ENUM_CONVERSION = YES;
				CLANG_WARN_INFINITE_RECURSION = YES;
				CLANG_WARN_INT_CONVERSION = YES;
				CLANG_WARN_NON_LITERAL_NULL_CONVERSION = YES;
				CLANG_WARN_OBJC_IMPLICIT_RETAIN_SELF = YES;
				CLANG_WARN_OBJC_LITERAL_CONVERSION = YES;
				CLANG_WARN_OBJC_ROOT_CLASS = YES_ERROR;
				CLANG_WARN_QUOTED_INCLUDE_IN_FRAMEWORK_HEADER = YES;
				CLANG_WARN_RANGE_LOOP_ANALYSIS = YES;
				CLANG_WARN_STRICT_PROTOTYPES = YES;
				CLANG_WARN_SUSPICIOUS_MOVE = YES;
				CLANG_WARN_UNGUARDED_AVAILABILITY = YES_AGGRESSIVE;
				CLANG_WARN_UNREACHABLE_CODE = YES;
				CLANG_WARN__DUPLICATE_METHOD_MATCH = YES;
				COPY_PHASE_STRIP = NO;
				CURRENT_PROJECT_VERSION = 1;
				DEBUG_INFORMATION_FORMAT = "dwarf-with-dsym";
				ENABLE_NS_ASSERTIONS = NO;
				ENABLE_STRICT_OBJC_MSGSEND = YES;
				ENABLE_USER_SCRIPT_SANDBOXING = YES;
				GCC_C_LANGUAGE_STANDARD = gnu17;
				GCC_NO_COMMON_BLOCKS = YES;
				GCC_WARN_64_TO_32_BIT_CONVERSION = YES;
				GCC_WARN_ABOUT_RETURN_TYPE = YES_ERROR;
				GCC_WARN_UNDECLARED_SELECTOR = YES;
				GCC_WARN_UNINITIALIZED_AUTOS = YES_AGGRESSIVE;
				GCC_WARN_UNUSED_FUNCTION = YES;
				GCC_WARN_UNUSED_VARIABLE = YES;
				IPHONEOS_DEPLOYMENT_TARGET = 17.0;
				LOCALIZATION_PREFERS_STRING_CATALOGS = YES;
				MTL_ENABLE_DEBUG_INFO = NO;
				MTL_FAST_MATH = YES;
				SDKROOT = iphoneos;
				SWIFT_COMPILATION_MODE = wholemodule;
				VALIDATE_PRODUCT = YES;
				VERSIONING_SYSTEM = "apple-generic";
				VERSION_INFO_PREFIX = "";
			};
			name = Release;
		};
		74C922272AE9D5F3005ED280 /* Debug */ = {
			isa = XCBuildConfiguration;
			buildSettings = {
				CLANG_ENABLE_MODULES = YES;
				CODE_SIGN_STYLE = Automatic;
				CURRENT_PROJECT_VERSION = 1;
				DEFINES_MODULE = YES;
				DEVELOPMENT_TEAM = V4XXQXQMM4;
				DYLIB_COMPATIBILITY_VERSION = 1;
				DYLIB_CURRENT_VERSION = 1;
				DYLIB_INSTALL_NAME_BASE = "@rpath";
				ENABLE_MODULE_VERIFIER = YES;
				GENERATE_INFOPLIST_FILE = YES;
				INFOPLIST_KEY_NSHumanReadableCopyright = "";
				INSTALL_PATH = "$(LOCAL_LIBRARY_DIR)/Frameworks";
				IPHONEOS_DEPLOYMENT_TARGET = 13.0;
				LD_RUNPATH_SEARCH_PATHS = (
					"$(inherited)",
					"@executable_path/Frameworks",
					"@loader_path/Frameworks",
				);
				MARKETING_VERSION = 1.0;
				MODULE_VERIFIER_SUPPORTED_LANGUAGES = "objective-c objective-c++";
				MODULE_VERIFIER_SUPPORTED_LANGUAGE_STANDARDS = "gnu17 gnu++20";
				PRODUCT_BUNDLE_IDENTIFIER = com.afathe.Infrastructure;
				PRODUCT_NAME = "$(TARGET_NAME:c99extidentifier)";
				SKIP_INSTALL = YES;
				SUPPORTED_PLATFORMS = "iphoneos iphonesimulator";
				SUPPORTS_MACCATALYST = NO;
				SUPPORTS_MAC_DESIGNED_FOR_IPHONE_IPAD = NO;
				SWIFT_EMIT_LOC_STRINGS = YES;
				SWIFT_OPTIMIZATION_LEVEL = "-Onone";
				SWIFT_VERSION = 5.0;
				TARGETED_DEVICE_FAMILY = "1,2";
			};
			name = Debug;
		};
		74C922282AE9D5F3005ED280 /* Release */ = {
			isa = XCBuildConfiguration;
			buildSettings = {
				CLANG_ENABLE_MODULES = YES;
				CODE_SIGN_STYLE = Automatic;
				CURRENT_PROJECT_VERSION = 1;
				DEFINES_MODULE = YES;
				DEVELOPMENT_TEAM = V4XXQXQMM4;
				DYLIB_COMPATIBILITY_VERSION = 1;
				DYLIB_CURRENT_VERSION = 1;
				DYLIB_INSTALL_NAME_BASE = "@rpath";
				ENABLE_MODULE_VERIFIER = YES;
				GENERATE_INFOPLIST_FILE = YES;
				INFOPLIST_KEY_NSHumanReadableCopyright = "";
				INSTALL_PATH = "$(LOCAL_LIBRARY_DIR)/Frameworks";
				IPHONEOS_DEPLOYMENT_TARGET = 13.0;
				LD_RUNPATH_SEARCH_PATHS = (
					"$(inherited)",
					"@executable_path/Frameworks",
					"@loader_path/Frameworks",
				);
				MARKETING_VERSION = 1.0;
				MODULE_VERIFIER_SUPPORTED_LANGUAGES = "objective-c objective-c++";
				MODULE_VERIFIER_SUPPORTED_LANGUAGE_STANDARDS = "gnu17 gnu++20";
				PRODUCT_BUNDLE_IDENTIFIER = com.afathe.Infrastructure;
				PRODUCT_NAME = "$(TARGET_NAME:c99extidentifier)";
				SKIP_INSTALL = YES;
				SUPPORTED_PLATFORMS = "iphoneos iphonesimulator";
				SUPPORTS_MACCATALYST = NO;
				SUPPORTS_MAC_DESIGNED_FOR_IPHONE_IPAD = NO;
				SWIFT_EMIT_LOC_STRINGS = YES;
				SWIFT_VERSION = 5.0;
				TARGETED_DEVICE_FAMILY = "1,2";
			};
			name = Release;
		};
/* End XCBuildConfiguration section */

/* Begin XCConfigurationList section */
		74C922192AE9D5F3005ED280 /* Build configuration list for PBXProject "Infrastructure" */ = {
			isa = XCConfigurationList;
			buildConfigurations = (
				74C922242AE9D5F3005ED280 /* Debug */,
				74C922252AE9D5F3005ED280 /* Release */,
			);
			defaultConfigurationIsVisible = 0;
			defaultConfigurationName = Release;
		};
		74C922262AE9D5F3005ED280 /* Build configuration list for PBXNativeTarget "Infrastructure" */ = {
			isa = XCConfigurationList;
			buildConfigurations = (
				74C922272AE9D5F3005ED280 /* Debug */,
				74C922282AE9D5F3005ED280 /* Release */,
			);
			defaultConfigurationIsVisible = 0;
			defaultConfigurationName = Release;
		};
/* End XCConfigurationList section */
	};
	rootObject = 74C922162AE9D5F3005ED280 /* Project object */;
}
